
Microsoft Visual Studio Solution File, Format Version 12.00
# Visual Studio Version 17
VisualStudioVersion = 17.2.32526.322
MinimumVisualStudioVersion = 10.0.40219.1
Project("{9A19103F-16F7-4668-BE54-9A1E7A4F7556}") = "Uname.NET", "Uname.NET\Uname.NET.csproj", "{42708DDD-FF4E-4DC1-A174-4D1965CE0D80}"
EndProject
Project("{FAE04EC0-301F-11D3-BF4B-00C04F79EFBC}") = "Uname.NET.Console", "Uname.NET.Console\Uname.NET.Console.csproj", "{707E165A-FC58-4E23-B3F0-F6CA454B9E63}"
EndProject
Global
	GlobalSection(SolutionConfigurationPlatforms) = preSolution
		Debug|Any CPU = Debug|Any CPU
		Release|Any CPU = Release|Any CPU
	EndGlobalSection
	GlobalSection(ProjectConfigurationPlatforms) = postSolution
		{42708DDD-FF4E-4DC1-A174-4D1965CE0D80}.Debug|Any CPU.ActiveCfg = Debug|Any CPU
		{42708DDD-FF4E-4DC1-A174-4D1965CE0D80}.Debug|Any CPU.Build.0 = Debug|Any CPU
		{42708DDD-FF4E-4DC1-A174-4D1965CE0D80}.Release|Any CPU.ActiveCfg = Release|Any CPU
		{42708DDD-FF4E-4DC1-A174-4D1965CE0D80}.Release|Any CPU.Build.0 = Release|Any CPU
		{707E165A-FC58-4E23-B3F0-F6CA454B9E63}.Debug|Any CPU.ActiveCfg = Debug|Any CPU
		{707E165A-FC58-4E23-B3F0-F6CA454B9E63}.Debug|Any CPU.Build.0 = Debug|Any CPU
		{707E165A-FC58-4E23-B3F0-F6CA454B9E63}.Release|Any CPU.ActiveCfg = Release|Any CPU
		{707E165A-FC58-4E23-B3F0-F6CA454B9E63}.Release|Any CPU.Build.0 = Release|Any CPU
	EndGlobalSection
	GlobalSection(SolutionProperties) = preSolution
		HideSolutionNode = FALSE
	EndGlobalSection
	GlobalSection(ExtensibilityGlobals) = postSolution
		SolutionGuid = {55B46FD7-86B5-439C-9A28-CE1C155919F5}
	EndGlobalSection
EndGlobal
